// !$*UTF8*$!
{
	archiveVersion = 1;
	classes = {
	};
	objectVersion = 77;
	objects = {

/* Begin PBXBuildFile section */
		31F0D3A82CCF243B00104662 /* BackupCode.swift in Sources */ = {isa = PBXBuildFile; fileRef = 31F0D3A72CCF243500104662 /* BackupCode.swift */; };
/* End PBXBuildFile section */

/* Begin PBXContainerItemProxy section */
		31F0D35E2CCA412300104662 /* PBXContainerItemProxy */ = {
			isa = PBXContainerItemProxy;
			containerPortal = 31F0D3452CCA412100104662 /* Project object */;
			proxyType = 1;
			remoteGlobalIDString = 31F0D34C2CCA412100104662;
			remoteInfo = MyPlaylist;
		};
		31F0D3682CCA412300104662 /* PBXContainerItemProxy */ = {
			isa = PBXContainerItemProxy;
			containerPortal = 31F0D3452CCA412100104662 /* Project object */;
			proxyType = 1;
			remoteGlobalIDString = 31F0D34C2CCA412100104662;
			remoteInfo = MyPlaylist;
		};
/* End PBXContainerItemProxy section */

/* Begin PBXFileReference section */
		31F0D34D2CCA412100104662 /* MyPlaylist.app */ = {isa = PBXFileReference; explicitFileType = wrapper.application; includeInIndex = 0; path = MyPlaylist.app; sourceTree = BUILT_PRODUCTS_DIR; };
		31F0D35D2CCA412300104662 /* MyPlaylistTests.xctest */ = {isa = PBXFileReference; explicitFileType = wrapper.cfbundle; includeInIndex = 0; path = MyPlaylistTests.xctest; sourceTree = BUILT_PRODUCTS_DIR; };
		31F0D3672CCA412300104662 /* MyPlaylistUITests.xctest */ = {isa = PBXFileReference; explicitFileType = wrapper.cfbundle; includeInIndex = 0; path = MyPlaylistUITests.xctest; sourceTree = BUILT_PRODUCTS_DIR; };
		31F0D3A72CCF243500104662 /* BackupCode.swift */ = {isa = PBXFileReference; lastKnownFileType = sourcecode.swift; path = BackupCode.swift; sourceTree = "<group>"; };
/* End PBXFileReference section */

/* Begin PBXFileSystemSynchronizedBuildFileExceptionSet section */
		31F0D3862CCA43B700104662 /* Exceptions for "MyPlaylist" folder in "MyPlaylist" target */ = {
			isa = PBXFileSystemSynchronizedBuildFileExceptionSet;
			membershipExceptions = (
				Info.plist,
			);
			target = 31F0D34C2CCA412100104662 /* MyPlaylist */;
		};
/* End PBXFileSystemSynchronizedBuildFileExceptionSet section */

/* Begin PBXFileSystemSynchronizedRootGroup section */
		31F0D34F2CCA412100104662 /* MyPlaylist */ = {
			isa = PBXFileSystemSynchronizedRootGroup;
			exceptions = (
				31F0D3862CCA43B700104662 /* Exceptions for "MyPlaylist" folder in "MyPlaylist" target */,
			);
			path = MyPlaylist;
			sourceTree = "<group>";
		};
		31F0D3602CCA412300104662 /* MyPlaylistTests */ = {
			isa = PBXFileSystemSynchronizedRootGroup;
			path = MyPlaylistTests;
			sourceTree = "<group>";
		};
		31F0D36A2CCA412300104662 /* MyPlaylistUITests */ = {
			isa = PBXFileSystemSynchronizedRootGroup;
			path = MyPlaylistUITests;
			sourceTree = "<group>";
		};
/* End PBXFileSystemSynchronizedRootGroup section */

/* Begin PBXFrameworksBuildPhase section */
		31F0D34A2CCA412100104662 /* Frameworks */ = {
			isa = PBXFrameworksBuildPhase;
			buildActionMask = 2147483647;
			files = (
			);
			runOnlyForDeploymentPostprocessing = 0;
		};
		31F0D35A2CCA412300104662 /* Frameworks */ = {
			isa = PBXFrameworksBuildPhase;
			buildActionMask = 2147483647;
			files = (
			);
			runOnlyForDeploymentPostprocessing = 0;
		};
		31F0D3642CCA412300104662 /* Frameworks */ = {
			isa = PBXFrameworksBuildPhase;
			buildActionMask = 2147483647;
			files = (
			);
			runOnlyForDeploymentPostprocessing = 0;
		};
/* End PBXFrameworksBuildPhase section */

/* Begin PBXGroup section */
		31F0D3442CCA412100104662 = {
			isa = PBXGroup;
			children = (
				31F0D3A72CCF243500104662 /* BackupCode.swift */,
				31F0D34F2CCA412100104662 /* MyPlaylist */,
				31F0D3602CCA412300104662 /* MyPlaylistTests */,
				31F0D36A2CCA412300104662 /* MyPlaylistUITests */,
				31F0D34E2CCA412100104662 /* Products */,
			);
			sourceTree = "<group>";
		};
		31F0D34E2CCA412100104662 /* Products */ = {
			isa = PBXGroup;
			children = (
				31F0D34D2CCA412100104662 /* MyPlaylist.app */,
				31F0D35D2CCA412300104662 /* MyPlaylistTests.xctest */,
				31F0D3672CCA412300104662 /* MyPlaylistUITests.xctest */,
			);
			name = Products;
			sourceTree = "<group>";
		};
/* End PBXGroup section */

/* Begin PBXNativeTarget section */
		31F0D34C2CCA412100104662 /* MyPlaylist */ = {
			isa = PBXNativeTarget;
			buildConfigurationList = 31F0D3712CCA412300104662 /* Build configuration list for PBXNativeTarget "MyPlaylist" */;
			buildPhases = (
				31F0D3492CCA412100104662 /* Sources */,
				31F0D34A2CCA412100104662 /* Frameworks */,
				31F0D34B2CCA412100104662 /* Resources */,
			);
			buildRules = (
			);
			dependencies = (
			);
			fileSystemSynchronizedGroups = (
				31F0D34F2CCA412100104662 /* MyPlaylist */,
			);
			name = MyPlaylist;
			packageProductDependencies = (
			);
			productName = MyPlaylist;
			productReference = 31F0D34D2CCA412100104662 /* MyPlaylist.app */;
			productType = "com.apple.product-type.application";
		};
		31F0D35C2CCA412300104662 /* MyPlaylistTests */ = {
			isa = PBXNativeTarget;
			buildConfigurationList = 31F0D3742CCA412300104662 /* Build configuration list for PBXNativeTarget "MyPlaylistTests" */;
			buildPhases = (
				31F0D3592CCA412300104662 /* Sources */,
				31F0D35A2CCA412300104662 /* Frameworks */,
				31F0D35B2CCA412300104662 /* Resources */,
			);
			buildRules = (
			);
			dependencies = (
				31F0D35F2CCA412300104662 /* PBXTargetDependency */,
			);
			fileSystemSynchronizedGroups = (
				31F0D3602CCA412300104662 /* MyPlaylistTests */,
			);
			name = MyPlaylistTests;
			packageProductDependencies = (
			);
			productName = MyPlaylistTests;
			productReference = 31F0D35D2CCA412300104662 /* MyPlaylistTests.xctest */;
			productType = "com.apple.product-type.bundle.unit-test";
		};
		31F0D3662CCA412300104662 /* MyPlaylistUITests */ = {
			isa = PBXNativeTarget;
			buildConfigurationList = 31F0D3772CCA412300104662 /* Build configuration list for PBXNativeTarget "MyPlaylistUITests" */;
			buildPhases = (
				31F0D3632CCA412300104662 /* Sources */,
				31F0D3642CCA412300104662 /* Frameworks */,
				31F0D3652CCA412300104662 /* Resources */,
			);
			buildRules = (
			);
			dependencies = (
				31F0D3692CCA412300104662 /* PBXTargetDependency */,
			);
			fileSystemSynchronizedGroups = (
				31F0D36A2CCA412300104662 /* MyPlaylistUITests */,
			);
			name = MyPlaylistUITests;
			packageProductDependencies = (
			);
			productName = MyPlaylistUITests;
			productReference = 31F0D3672CCA412300104662 /* MyPlaylistUITests.xctest */;
			productType = "com.apple.product-type.bundle.ui-testing";
		};
/* End PBXNativeTarget section */

/* Begin PBXProject section */
		31F0D3452CCA412100104662 /* Project object */ = {
			isa = PBXProject;
			attributes = {
				BuildIndependentTargetsInParallel = 1;
				LastSwiftUpdateCheck = 1600;
				LastUpgradeCheck = 1600;
				TargetAttributes = {
					31F0D34C2CCA412100104662 = {
						CreatedOnToolsVersion = 16.0;
					};
					31F0D35C2CCA412300104662 = {
						CreatedOnToolsVersion = 16.0;
						TestTargetID = 31F0D34C2CCA412100104662;
					};
					31F0D3662CCA412300104662 = {
						CreatedOnToolsVersion = 16.0;
						TestTargetID = 31F0D34C2CCA412100104662;
					};
				};
			};
			buildConfigurationList = 31F0D3482CCA412100104662 /* Build configuration list for PBXProject "MyPlaylist" */;
			developmentRegion = en;
			hasScannedForEncodings = 0;
			knownRegions = (
				en,
				Base,
			);
			mainGroup = 31F0D3442CCA412100104662;
			minimizedProjectReferenceProxies = 1;
			preferredProjectObjectVersion = 77;
			productRefGroup = 31F0D34E2CCA412100104662 /* Products */;
			projectDirPath = "";
			projectRoot = "";
			targets = (
				31F0D34C2CCA412100104662 /* MyPlaylist */,
				31F0D35C2CCA412300104662 /* MyPlaylistTests */,
				31F0D3662CCA412300104662 /* MyPlaylistUITests */,
			);
		};
/* End PBXProject section */

/* Begin PBXResourcesBuildPhase section */
		31F0D34B2CCA412100104662 /* Resources */ = {
			isa = PBXResourcesBuildPhase;
			buildActionMask = 2147483647;
			files = (
			);
			runOnlyForDeploymentPostprocessing = 0;
		};
		31F0D35B2CCA412300104662 /* Resources */ = {
			isa = PBXResourcesBuildPhase;
			buildActionMask = 2147483647;
			files = (
			);
			runOnlyForDeploymentPostprocessing = 0;
		};
		31F0D3652CCA412300104662 /* Resources */ = {
			isa = PBXResourcesBuildPhase;
			buildActionMask = 2147483647;
			files = (
			);
			runOnlyForDeploymentPostprocessing = 0;
		};
/* End PBXResourcesBuildPhase section */

/* Begin PBXSourcesBuildPhase section */
		31F0D3492CCA412100104662 /* Sources */ = {
			isa = PBXSourcesBuildPhase;
			buildActionMask = 2147483647;
			files = (
				31F0D3A82CCF243B00104662 /* BackupCode.swift in Sources */,
			);
			runOnlyForDeploymentPostprocessing = 0;
		};
		31F0D3592CCA412300104662 /* Sources */ = {
			isa = PBXSourcesBuildPhase;
			buildActionMask = 2147483647;
			files = (
			);
			runOnlyForDeploymentPostprocessing = 0;
		};
		31F0D3632CCA412300104662 /* Sources */ = {
			isa = PBXSourcesBuildPhase;
			buildActionMask = 2147483647;
			files = (
			);
			runOnlyForDeploymentPostprocessing = 0;
		};
/* End PBXSourcesBuildPhase section */

/* Begin PBXTargetDependency section */
		31F0D35F2CCA412300104662 /* PBXTargetDependency */ = {
			isa = PBXTargetDependency;
			target = 31F0D34C2CCA412100104662 /* MyPlaylist */;
			targetProxy = 31F0D35E2CCA412300104662 /* PBXContainerItemProxy */;
		};
		31F0D3692CCA412300104662 /* PBXTargetDependency */ = {
			isa = PBXTargetDependency;
			target = 31F0D34C2CCA412100104662 /* MyPlaylist */;
			targetProxy = 31F0D3682CCA412300104662 /* PBXContainerItemProxy */;
		};
/* End PBXTargetDependency section */

/* Begin XCBuildConfiguration section */
		31F0D36F2CCA412300104662 /* Debug */ = {
			isa = XCBuildConfiguration;
			buildSettings = {
				ALWAYS_SEARCH_USER_PATHS = NO;
				ASSETCATALOG_COMPILER_GENERATE_SWIFT_ASSET_SYMBOL_EXTENSIONS = YES;
				CLANG_ANALYZER_NONNULL = YES;
				CLANG_ANALYZER_NUMBER_OBJECT_CONVERSION = YES_AGGRESSIVE;
				CLANG_CXX_LANGUAGE_STANDARD = "gnu++20";
				CLANG_ENABLE_MODULES = YES;
				CLANG_ENABLE_OBJC_ARC = YES;
				CLANG_ENABLE_OBJC_WEAK = YES;
				CLANG_WARN_BLOCK_CAPTURE_AUTORELEASING = YES;
				CLANG_WARN_BOOL_CONVERSION = YES;
				CLANG_WARN_COMMA = YES;
				CLANG_WARN_CONSTANT_CONVERSION = YES;
				CLANG_WARN_DEPRECATED_OBJC_IMPLEMENTATIONS = YES;
				CLANG_WARN_DIRECT_OBJC_ISA_USAGE = YES_ERROR;
				CLANG_WARN_DOCUMENTATION_COMMENTS = YES;
				CLANG_WARN_EMPTY_BODY = YES;
				CLANG_WARN_ENUM_CONVERSION = YES;
				CLANG_WARN_INFINITE_RECURSION = YES;
				CLANG_WARN_INT_CONVERSION = YES;
				CLANG_WARN_NON_LITERAL_NULL_CONVERSION = YES;
				CLANG_WARN_OBJC_IMPLICIT_RETAIN_SELF = YES;
				CLANG_WARN_OBJC_LITERAL_CONVERSION = YES;
				CLANG_WARN_OBJC_ROOT_CLASS = YES_ERROR;
				CLANG_WARN_QUOTED_INCLUDE_IN_FRAMEWORK_HEADER = YES;
				CLANG_WARN_RANGE_LOOP_ANALYSIS = YES;
				CLANG_WARN_STRICT_PROTOTYPES = YES;
				CLANG_WARN_SUSPICIOUS_MOVE = YES;
				CLANG_WARN_UNGUARDED_AVAILABILITY = YES_AGGRESSIVE;
				CLANG_WARN_UNREACHABLE_CODE = YES;
				CLANG_WARN__DUPLICATE_METHOD_MATCH = YES;
				COPY_PHASE_STRIP = NO;
				DEBUG_INFORMATION_FORMAT = dwarf;
				ENABLE_STRICT_OBJC_MSGSEND = YES;
				ENABLE_TESTABILITY = YES;
				ENABLE_USER_SCRIPT_SANDBOXING = YES;
				GCC_C_LANGUAGE_STANDARD = gnu17;
				GCC_DYNAMIC_NO_PIC = NO;
				GCC_NO_COMMON_BLOCKS = YES;
				GCC_OPTIMIZATION_LEVEL = "None [-Onone]";
				GCC_PREPROCESSOR_DEFINITIONS = (
					"DEBUG=1",
					"$(inherited)",
				);
				GCC_WARN_64_TO_32_BIT_CONVERSION = YES;
				GCC_WARN_ABOUT_RETURN_TYPE = YES_ERROR;
				GCC_WARN_UNDECLARED_SELECTOR = YES;
				GCC_WARN_UNINITIALIZED_AUTOS = YES_AGGRESSIVE;
				GCC_WARN_UNUSED_FUNCTION = YES;
				GCC_WARN_UNUSED_VARIABLE = YES;
				IPHONEOS_DEPLOYMENT_TARGET = 18.0;
				LOCALIZATION_PREFERS_STRING_CATALOGS = YES;
				MTL_ENABLE_DEBUG_INFO = INCLUDE_SOURCE;
				MTL_FAST_MATH = YES;
				ONLY_ACTIVE_ARCH = YES;
				SDKROOT = iphoneos;
				SWIFT_ACTIVE_COMPILATION_CONDITIONS = "DEBUG $(inherited)";
				SWIFT_OPTIMIZATION_LEVEL = "-Onone";
			};
			name = Debug;
		};
		31F0D3702CCA412300104662 /* Release */ = {
			isa = XCBuildConfiguration;
			buildSettings = {
				ALWAYS_SEARCH_USER_PATHS = NO;
				ASSETCATALOG_COMPILER_GENERATE_SWIFT_ASSET_SYMBOL_EXTENSIONS = YES;
				CLANG_ANALYZER_NONNULL = YES;
				CLANG_ANALYZER_NUMBER_OBJECT_CONVERSION = YES_AGGRESSIVE;
				CLANG_CXX_LANGUAGE_STANDARD = "gnu++20";
				CLANG_ENABLE_MODULES = YES;
				CLANG_ENABLE_OBJC_ARC = YES;
				CLANG_ENABLE_OBJC_WEAK = YES;
				CLANG_WARN_BLOCK_CAPTURE_AUTORELEASING = YES;
				CLANG_WARN_BOOL_CONVERSION = YES;
				CLANG_WARN_COMMA = YES;
				CLANG_WARN_CONSTANT_CONVERSION = YES;
				CLANG_WARN_DEPRECATED_OBJC_IMPLEMENTATIONS = YES;
				CLANG_WARN_DIRECT_OBJC_ISA_USAGE = YES_ERROR;
				CLANG_WARN_DOCUMENTATION_COMMENTS = YES;
				CLANG_WARN_EMPTY_BODY = YES;
				CLANG_WARN_ENUM_CONVERSION = YES;
				CLANG_WARN_INFINITE_RECURSION = YES;
				CLANG_WARN_INT_CONVERSION = YES;
				CLANG_WARN_NON_LITERAL_NULL_CONVERSION = YES;
				CLANG_WARN_OBJC_IMPLICIT_RETAIN_SELF = YES;
				CLANG_WARN_OBJC_LITERAL_CONVERSION = YES;
				CLANG_WARN_OBJC_ROOT_CLASS = YES_ERROR;
				CLANG_WARN_QUOTED_INCLUDE_IN_FRAMEWORK_HEADER = YES;
				CLANG_WARN_RANGE_LOOP_ANALYSIS = YES;
				CLANG_WARN_STRICT_PROTOTYPES = YES;
				CLANG_WARN_SUSPICIOUS_MOVE = YES;
				CLANG_WARN_UNGUARDED_AVAILABILITY = YES_AGGRESSIVE;
				CLANG_WARN_UNREACHABLE_CODE = YES;
				CLANG_WARN__DUPLICATE_METHOD_MATCH = YES;
				COPY_PHASE_STRIP = NO;
				DEBUG_INFORMATION_FORMAT = "dwarf-with-dsym";
				ENABLE_NS_ASSERTIONS = NO;
				ENABLE_STRICT_OBJC_MSGSEND = YES;
				ENABLE_USER_SCRIPT_SANDBOXING = YES;
				GCC_C_LANGUAGE_STANDARD = gnu17;
				GCC_NO_COMMON_BLOCKS = YES;
				GCC_WARN_64_TO_32_BIT_CONVERSION = YES;
				GCC_WARN_ABOUT_RETURN_TYPE = YES_ERROR;
				GCC_WARN_UNDECLARED_SELECTOR = YES;
				GCC_WARN_UNINITIALIZED_AUTOS = YES_AGGRESSIVE;
				GCC_WARN_UNUSED_FUNCTION = YES;
				GCC_WARN_UNUSED_VARIABLE = YES;
				IPHONEOS_DEPLOYMENT_TARGET = 18.0;
				LOCALIZATION_PREFERS_STRING_CATALOGS = YES;
				MTL_ENABLE_DEBUG_INFO = NO;
				MTL_FAST_MATH = YES;
				SDKROOT = iphoneos;
				SWIFT_COMPILATION_MODE = wholemodule;
				SWIFT_OPTIMIZATION_LEVEL = "-O";
				VALIDATE_PRODUCT = YES;
			};
			name = Release;
		};
		31F0D3722CCA412300104662 /* Debug */ = {
			isa = XCBuildConfiguration;
			buildSettings = {
				ASSETCATALOG_COMPILER_APPICON_NAME = AppIcon;
				ASSETCATALOG_COMPILER_GLOBAL_ACCENT_COLOR_NAME = AccentColor;
				ASSETCATALOG_COMPILER_INCLUDE_ALL_APPICON_ASSETS = NO;
				CODE_SIGN_STYLE = Automatic;
				CURRENT_PROJECT_VERSION = 1;
				DEVELOPMENT_ASSET_PATHS = "\"MyPlaylist/Preview Content\"";
				DEVELOPMENT_TEAM = 5353WH6FVX;
				ENABLE_PREVIEWS = YES;
				GENERATE_INFOPLIST_FILE = YES;
				INFOPLIST_FILE = MyPlaylist/Info.plist;
				INFOPLIST_KEY_UIApplicationSceneManifest_Generation = YES;
				INFOPLIST_KEY_UIApplicationSupportsIndirectInputEvents = YES;
				INFOPLIST_KEY_UILaunchScreen_Generation = YES;
				INFOPLIST_KEY_UISupportedInterfaceOrientations_iPad = "UIInterfaceOrientationPortrait UIInterfaceOrientationPortraitUpsideDown UIInterfaceOrientationLandscapeLeft UIInterfaceOrientationLandscapeRight";
				INFOPLIST_KEY_UISupportedInterfaceOrientations_iPhone = "UIInterfaceOrientationPortrait UIInterfaceOrientationLandscapeLeft UIInterfaceOrientationLandscapeRight";
				IPHONEOS_DEPLOYMENT_TARGET = 18.6;
				LD_RUNPATH_SEARCH_PATHS = (
					"$(inherited)",
					"@executable_path/Frameworks",
				);
				MARKETING_VERSION = 1.0;
				PRODUCT_BUNDLE_IDENTIFIER = com.kenny.MyPlaylistApp;
				PRODUCT_NAME = "$(TARGET_NAME)";
				SWIFT_EMIT_LOC_STRINGS = YES;
				SWIFT_OPTIMIZATION_LEVEL = "-Onone";
				SWIFT_VERSION = 5.0;
				TARGETED_DEVICE_FAMILY = "1,2";
			};
			name = Debug;
		};
		31F0D3732CCA412300104662 /* Release */ = {
			isa = XCBuildConfiguration;
			buildSettings = {
				ASSETCATALOG_COMPILER_APPICON_NAME = AppIcon;
				ASSETCATALOG_COMPILER_GLOBAL_ACCENT_COLOR_NAME = AccentColor;
				ASSETCATALOG_COMPILER_INCLUDE_ALL_APPICON_ASSETS = NO;
				CODE_SIGN_STYLE = Automatic;
				CURRENT_PROJECT_VERSION = 1;
				DEVELOPMENT_ASSET_PATHS = "\"MyPlaylist/Preview Content\"";
				DEVELOPMENT_TEAM = 5353WH6FVX;
				ENABLE_PREVIEWS = YES;
				GENERATE_INFOPLIST_FILE = YES;
				INFOPLIST_FILE = MyPlaylist/Info.plist;
				INFOPLIST_KEY_UIApplicationSceneManifest_Generation = YES;
				INFOPLIST_KEY_UIApplicationSupportsIndirectInputEvents = YES;
				INFOPLIST_KEY_UILaunchScreen_Generation = YES;
				INFOPLIST_KEY_UISupportedInterfaceOrientations_iPad = "UIInterfaceOrientationPortrait UIInterfaceOrientationPortraitUpsideDown UIInterfaceOrientationLandscapeLeft UIInterfaceOrientationLandscapeRight";
				INFOPLIST_KEY_UISupportedInterfaceOrientations_iPhone = "UIInterfaceOrientationPortrait UIInterfaceOrientationLandscapeLeft UIInterfaceOrientationLandscapeRight";
				IPHONEOS_DEPLOYMENT_TARGET = 18.6;
				LD_RUNPATH_SEARCH_PATHS = (
					"$(inherited)",
					"@executable_path/Frameworks",
				);
				MARKETING_VERSION = 1.0;
				PRODUCT_BUNDLE_IDENTIFIER = com.kenny.MyPlaylistApp;
				PRODUCT_NAME = "$(TARGET_NAME)";
				SWIFT_EMIT_LOC_STRINGS = YES;
				SWIFT_OPTIMIZATION_LEVEL = "-O";
				SWIFT_VERSION = 5.0;
				TARGETED_DEVICE_FAMILY = "1,2";
			};
			name = Release;
		};
		31F0D3752CCA412300104662 /* Debug */ = {
			isa = XCBuildConfiguration;
			buildSettings = {
				BUNDLE_LOADER = "$(TEST_HOST)";
				CODE_SIGN_STYLE = Automatic;
				CURRENT_PROJECT_VERSION = 1;
				DEVELOPMENT_TEAM = 5353WH6FVX;
				GENERATE_INFOPLIST_FILE = YES;
				IPHONEOS_DEPLOYMENT_TARGET = 18.0;
				MARKETING_VERSION = 1.0;
				PRODUCT_BUNDLE_IDENTIFIER = com.kenny.MyPlaylistTests;
				PRODUCT_NAME = "$(TARGET_NAME)";
				SWIFT_EMIT_LOC_STRINGS = NO;
				SWIFT_VERSION = 5.0;
				TARGETED_DEVICE_FAMILY = "1,2";
				TEST_HOST = "$(BUILT_PRODUCTS_DIR)/MyPlaylist.app/$(BUNDLE_EXECUTABLE_FOLDER_PATH)/MyPlaylist";
			};
			name = Debug;
		};
		31F0D3762CCA412300104662 /* Release */ = {
			isa = XCBuildConfiguration;
			buildSettings = {
				BUNDLE_LOADER = "$(TEST_HOST)";
				CODE_SIGN_STYLE = Automatic;
				CURRENT_PROJECT_VERSION = 1;
				DEVELOPMENT_TEAM = 5353WH6FVX;
				GENERATE_INFOPLIST_FILE = YES;
				IPHONEOS_DEPLOYMENT_TARGET = 18.0;
				MARKETING_VERSION = 1.0;
				PRODUCT_BUNDLE_IDENTIFIER = com.kenny.MyPlaylistTests;
				PRODUCT_NAME = "$(TARGET_NAME)";
				SWIFT_EMIT_LOC_STRINGS = NO;
				SWIFT_VERSION = 5.0;
				TARGETED_DEVICE_FAMILY = "1,2";
				TEST_HOST = "$(BUILT_PRODUCTS_DIR)/MyPlaylist.app/$(BUNDLE_EXECUTABLE_FOLDER_PATH)/MyPlaylist";
			};
			name = Release;
		};
		31F0D3782CCA412300104662 /* Debug */ = {
			isa = XCBuildConfiguration;
			buildSettings = {
				CODE_SIGN_STYLE = Automatic;
				CURRENT_PROJECT_VERSION = 1;
				DEVELOPMENT_TEAM = 5353WH6FVX;
				GENERATE_INFOPLIST_FILE = YES;
				MARKETING_VERSION = 1.0;
				PRODUCT_BUNDLE_IDENTIFIER = com.kenny.MyPlaylistUITests;
				PRODUCT_NAME = "$(TARGET_NAME)";
				SWIFT_EMIT_LOC_STRINGS = NO;
				SWIFT_VERSION = 5.0;
				TARGETED_DEVICE_FAMILY = "1,2";
				TEST_TARGET_NAME = MyPlaylist;
			};
			name = Debug;
		};
		31F0D3792CCA412300104662 /* Release */ = {
			isa = XCBuildConfiguration;
			buildSettings = {
				CODE_SIGN_STYLE = Automatic;
				CURRENT_PROJECT_VERSION = 1;
				DEVELOPMENT_TEAM = 5353WH6FVX;
				GENERATE_INFOPLIST_FILE = YES;
				MARKETING_VERSION = 1.0;
				PRODUCT_BUNDLE_IDENTIFIER = com.kenny.MyPlaylistUITests;
				PRODUCT_NAME = "$(TARGET_NAME)";
				SWIFT_EMIT_LOC_STRINGS = NO;
				SWIFT_VERSION = 5.0;
				TARGETED_DEVICE_FAMILY = "1,2";
				TEST_TARGET_NAME = MyPlaylist;
			};
			name = Release;
		};
/* End XCBuildConfiguration section */

/* Begin XCConfigurationList section */
		31F0D3482CCA412100104662 /* Build configuration list for PBXProject "MyPlaylist" */ = {
			isa = XCConfigurationList;
			buildConfigurations = (
				31F0D36F2CCA412300104662 /* Debug */,
				31F0D3702CCA412300104662 /* Release */,
			);
			defaultConfigurationIsVisible = 0;
			defaultConfigurationName = Release;
		};
		31F0D3712CCA412300104662 /* Build configuration list for PBXNativeTarget "MyPlaylist" */ = {
			isa = XCConfigurationList;
			buildConfigurations = (
				31F0D3722CCA412300104662 /* Debug */,
				31F0D3732CCA412300104662 /* Release */,
			);
			defaultConfigurationIsVisible = 0;
			defaultConfigurationName = Release;
		};
		31F0D3742CCA412300104662 /* Build configuration list for PBXNativeTarget "MyPlaylistTests" */ = {
			isa = XCConfigurationList;
			buildConfigurations = (
				31F0D3752CCA412300104662 /* Debug */,
				31F0D3762CCA412300104662 /* Release */,
			);
			defaultConfigurationIsVisible = 0;
			defaultConfigurationName = Release;
		};
		31F0D3772CCA412300104662 /* Build configuration list for PBXNativeTarget "MyPlaylistUITests" */ = {
			isa = XCConfigurationList;
			buildConfigurations = (
				31F0D3782CCA412300104662 /* Debug */,
				31F0D3792CCA412300104662 /* Release */,
			);
			defaultConfigurationIsVisible = 0;
			defaultConfigurationName = Release;
		};
/* End XCConfigurationList section */
	};
	rootObject = 31F0D3452CCA412100104662 /* Project object */;
}
